// !$*UTF8*$!
{
	archiveVersion = 1;
	classes = {
	};
	objectVersion = 56;
	objects = {

/* Begin PBXBuildFile section */
		OutraceAppFile /* OutraceApp.swift */ = {isa = PBXBuildFile; fileRef = OutraceAppRef; };
		AppThemeFile /* AppTheme.swift */ = {isa = PBXBuildFile; fileRef = AppThemeRef; };
		HomeViewFile /* HomeView.swift */ = {isa = PBXBuildFile; fileRef = HomeViewRef; };
		PostViewFile /* PostView.swift */ = {isa = PBXBuildFile; fileRef = PostViewRef; };
		ArchiveViewFile /* ArchiveView.swift */ = {isa = PBXBuildFile; fileRef = ArchiveViewRef; };
		ProfileViewFile /* ProfileView.swift */ = {isa = PBXBuildFile; fileRef = ProfileViewRef; };
		PostModelFile /* Post.swift */ = {isa = PBXBuildFile; fileRef = PostModelRef; };
		UserModelFile /* User.swift */ = {isa = PBXBuildFile; fileRef = UserModelRef; };
		AuthServiceFile /* AuthService.swift */ = {isa = PBXBuildFile; fileRef = AuthServiceRef; };
		PostServiceFile /* PostService.swift */ = {isa = PBXBuildFile; fileRef = PostServiceRef; };
		StorageServiceFile /* StorageService.swift */ = {isa = PBXBuildFile; fileRef = StorageServiceRef; };
		PostCardFile /* PostCard.swift */ = {isa = PBXBuildFile; fileRef = PostCardRef; };
		SimpleButtonFile /* SimpleButton.swift */ = {isa = PBXBuildFile; fileRef = SimpleButtonRef; };
		LightPostInputFile /* LightPostInput.swift */ = {isa = PBXBuildFile; fileRef = LightPostInputRef; };
		ConstantsFile /* Constants.swift */ = {isa = PBXBuildFile; fileRef = ConstantsRef; };
		DateUtilsFile /* DateUtils.swift */ = {isa = PBXBuildFile; fileRef = DateUtilsRef; };
		AssetsFile /* Assets.xcassets */ = {isa = PBXBuildFile; fileRef = AssetsRef; };
/* End PBXBuildFile section */

/* Begin PBXFileReference section */
		OutraceApp /* Outrace.app */ = {isa = PBXFileReference; explicitFileType = wrapper.application; includeInIndex = 0; path = Outrace.app; sourceTree = BUILT_PRODUCTS_DIR; };
		OutraceAppRef /* OutraceApp.swift */ = {isa = PBXFileReference; lastKnownFileType = sourcecode.swift; path = OutraceApp.swift; sourceTree = "<group>"; };
		AppThemeRef /* AppTheme.swift */ = {isa = PBXFileReference; lastKnownFileType = sourcecode.swift; path = AppTheme.swift; sourceTree = "<group>"; };
		HomeViewRef /* HomeView.swift */ = {isa = PBXFileReference; lastKnownFileType = sourcecode.swift; path = HomeView.swift; sourceTree = "<group>"; };
		PostViewRef /* PostView.swift */ = {isa = PBXFileReference; lastKnownFileType = sourcecode.swift; path = PostView.swift; sourceTree = "<group>"; };
		ArchiveViewRef /* ArchiveView.swift */ = {isa = PBXFileReference; lastKnownFileType = sourcecode.swift; path = ArchiveView.swift; sourceTree = "<group>"; };
		ProfileViewRef /* ProfileView.swift */ = {isa = PBXFileReference; lastKnownFileType = sourcecode.swift; path = ProfileView.swift; sourceTree = "<group>"; };
		PostModelRef /* Post.swift */ = {isa = PBXFileReference; lastKnownFileType = sourcecode.swift; path = Post.swift; sourceTree = "<group>"; };
		UserModelRef /* User.swift */ = {isa = PBXFileReference; lastKnownFileType = sourcecode.swift; path = User.swift; sourceTree = "<group>"; };
		AuthServiceRef /* AuthService.swift */ = {isa = PBXFileReference; lastKnownFileType = sourcecode.swift; path = AuthService.swift; sourceTree = "<group>"; };
		PostServiceRef /* PostService.swift */ = {isa = PBXFileReference; lastKnownFileType = sourcecode.swift; path = PostService.swift; sourceTree = "<group>"; };
		StorageServiceRef /* StorageService.swift */ = {isa = PBXFileReference; lastKnownFileType = sourcecode.swift; path = StorageService.swift; sourceTree = "<group>"; };
		PostCardRef /* PostCard.swift */ = {isa = PBXFileReference; lastKnownFileType = sourcecode.swift; path = PostCard.swift; sourceTree = "<group>"; };
		SimpleButtonRef /* SimpleButton.swift */ = {isa = PBXFileReference; lastKnownFileType = sourcecode.swift; path = SimpleButton.swift; sourceTree = "<group>"; };
		LightPostInputRef /* LightPostInput.swift */ = {isa = PBXFileReference; lastKnownFileType = sourcecode.swift; path = LightPostInput.swift; sourceTree = "<group>"; };
		ConstantsRef /* Constants.swift */ = {isa = PBXFileReference; lastKnownFileType = sourcecode.swift; path = Constants.swift; sourceTree = "<group>"; };
		DateUtilsRef /* DateUtils.swift */ = {isa = PBXFileReference; lastKnownFileType = sourcecode.swift; path = DateUtils.swift; sourceTree = "<group>"; };
		AssetsRef /* Assets.xcassets */ = {isa = PBXFileReference; lastKnownFileType = folder.assetcatalog; path = Assets.xcassets; sourceTree = "<group>"; };
		InfoPlistRef /* Info.plist */ = {isa = PBXFileReference; lastKnownFileType = text.plist.xml; path = Info.plist; sourceTree = "<group>"; };
/* End PBXFileReference section */

/* Begin PBXFrameworksBuildPhase section */
		FrameworksBuildPhase /* Frameworks */ = {
			isa = PBXFrameworksBuildPhase;
			buildActionMask = 2147483647;
			files = (
			);
			runOnlyForDeploymentPostprocessing = 0;
		};
/* End PBXFrameworksBuildPhase section */

/* Begin PBXGroup section */
		RootGroup = {
			isa = PBXGroup;
			children = (
				SourcesGroup,
				ResourcesGroup,
				InfoPlistRef,
				ProductsGroup,
			);
			sourceTree = "<group>";
		};
		ProductsGroup /* Products */ = {
			isa = PBXGroup;
			children = (
				OutraceApp,
			);
			name = Products;
			sourceTree = "<group>";
		};
		SourcesGroup /* Sources */ = {
			isa = PBXGroup;
			children = (
				AppGroup,
				ScreensGroup,
				ModelsGroup,
				ServicesGroup,
				ComponentsGroup,
				UtilsGroup,
			);
			path = Sources;
			sourceTree = "<group>";
		};
		AppGroup /* App */ = {
			isa = PBXGroup;
			children = (
				OutraceAppRef,
				AppThemeRef,
			);
			path = App;
			sourceTree = "<group>";
		};
		ScreensGroup /* Screens */ = {
			isa = PBXGroup;
			children = (
				HomeViewRef,
				PostViewRef,
				ArchiveViewRef,
				ProfileViewRef,
			);
			path = Screens;
			sourceTree = "<group>";
		};
		ModelsGroup /* Models */ = {
			isa = PBXGroup;
			children = (
				PostModelRef,
				UserModelRef,
			);
			path = Models;
			sourceTree = "<group>";
		};
		ServicesGroup /* Services */ = {
			isa = PBXGroup;
			children = (
				AuthServiceRef,
				PostServiceRef,
				StorageServiceRef,
			);
			path = Services;
			sourceTree = "<group>";
		};
		ComponentsGroup /* Components */ = {
			isa = PBXGroup;
			children = (
				PostCardRef,
				SimpleButtonRef,
				LightPostInputRef,
			);
			path = Components;
			sourceTree = "<group>";
		};
		UtilsGroup /* Utils */ = {
			isa = PBXGroup;
			children = (
				ConstantsRef,
				DateUtilsRef,
			);
			path = Utils;
			sourceTree = "<group>";
		};
		ResourcesGroup /* Resources */ = {
			isa = PBXGroup;
			children = (
				AssetsRef,
			);
			path = Resources;
			sourceTree = "<group>";
		};
/* End PBXGroup section */

/* Begin PBXNativeTarget section */
		OutraceTarget /* Outrace */ = {
			isa = PBXNativeTarget;
			buildConfigurationList = BuildConfigList;
			buildPhases = (
				SourcesBuildPhase,
				FrameworksBuildPhase,
				ResourcesBuildPhase,
			);
			buildRules = (
			);
			dependencies = (
			);
			name = Outrace;
			productName = Outrace;
			productReference = OutraceApp;
			productType = "com.apple.product-type.application";
		};
/* End PBXNativeTarget section */

/* Begin PBXProject section */
		ProjectObject /* Project object */ = {
			isa = PBXProject;
			attributes = {
				BuildIndependentTargetsInParallel = 1;
				LastSwiftUpdateCheck = 1500;
				LastUpgradeCheck = 1500;
				TargetAttributes = {
					OutraceTarget = {
						CreatedOnToolsVersion = 15.0;
					};
				};
			};
			buildConfigurationList = ProjectBuildConfigList;
			compatibilityVersion = "Xcode 14.0";
			developmentRegion = en;
			hasScannedForEncodings = 0;
			knownRegions = (
				en,
				Base,
			);
			mainGroup = RootGroup;
			productRefGroup = ProductsGroup;
			projectDirPath = "";
			projectRoot = "";
			targets = (
				OutraceTarget,
			);
		};
/* End PBXProject section */

/* Begin PBXResourcesBuildPhase section */
		ResourcesBuildPhase /* Resources */ = {
			isa = PBXResourcesBuildPhase;
			buildActionMask = 2147483647;
			files = (
				AssetsFile,
			);
			runOnlyForDeploymentPostprocessing = 0;
		};
/* End PBXResourcesBuildPhase section */

/* Begin PBXSourcesBuildPhase section */
		SourcesBuildPhase /* Sources */ = {
			isa = PBXSourcesBuildPhase;
			buildActionMask = 2147483647;
			files = (
				OutraceAppFile,
				AppThemeFile,
				HomeViewFile,
				PostViewFile,
				ArchiveViewFile,
				ProfileViewFile,
				PostModelFile,
				UserModelFile,
				AuthServiceFile,
				PostServiceFile,
				StorageServiceFile,
				PostCardFile,
				SimpleButtonFile,
				LightPostInputFile,
				ConstantsFile,
				DateUtilsFile,
			);
			runOnlyForDeploymentPostprocessing = 0;
		};
/* End PBXSourcesBuildPhase section */

/* Begin XCBuildConfiguration section */
		DebugConfig /* Debug */ = {
			isa = XCBuildConfiguration;
			buildSettings = {
				ALWAYS_SEARCH_USER_PATHS = NO;
				ASSETCATALOG_COMPILER_APPICON_NAME = AppIcon;
				ASSETCATALOG_COMPILER_GLOBAL_ACCENT_COLOR_NAME = AccentColor;
				CLANG_ANALYZER_NONNULL = YES;
				CLANG_ANALYZER_NUMBER_OBJECT_CONVERSION = YES_AGGRESSIVE;
				CLANG_CXX_LANGUAGE_STANDARD = "gnu++20";
				CLANG_ENABLE_MODULES = YES;
				CLANG_ENABLE_OBJC_ARC = YES;
				CLANG_ENABLE_OBJC_WEAK = YES;
				CLANG_WARN_BLOCK_CAPTURE_AUTORELEASING = YES;
				CLANG_WARN_BOOL_CONVERSION = YES;
				CLANG_WARN_COMMA = YES;
				CLANG_WARN_CONSTANT_CONVERSION = YES;
				CLANG_WARN_DEPRECATED_OBJC_IMPLEMENTATIONS = YES;
				CLANG_WARN_DIRECT_OBJC_ISA_USAGE = YES_ERROR;
				CLANG_WARN_DOCUMENTATION_COMMENTS = YES;
				CLANG_WARN_EMPTY_BODY = YES;
				CLANG_WARN_ENUM_CONVERSION = YES;
				CLANG_WARN_INFINITE_RECURSION = YES;
				CLANG_WARN_INT_CONVERSION = YES;
				CLANG_WARN_NON_LITERAL_NULL_CONVERSION = YES;
				CLANG_WARN_OBJC_IMPLICIT_RETAIN_SELF = YES;
				CLANG_WARN_OBJC_LITERAL_CONVERSION = YES;
				CLANG_WARN_OBJC_ROOT_CLASS = YES_ERROR;
				CLANG_WARN_QUOTED_INCLUDE_IN_FRAMEWORK_HEADER = YES;
				CLANG_WARN_RANGE_LOOP_ANALYSIS = YES;
				CLANG_WARN_STRICT_PROTOTYPES = YES;
				CLANG_WARN_SUSPICIOUS_MOVE = YES;
				CLANG_WARN_UNGUARDED_AVAILABILITY = YES_AGGRESSIVE;
				CLANG_WARN_UNREACHABLE_CODE = YES;
				CLANG_WARN__DUPLICATE_METHOD_MATCH = YES;
				CODE_SIGN_IDENTITY = "iPhone Developer";
				CODE_SIGN_STYLE = Automatic;
				COPY_PHASE_STRIP = NO;
				CURRENT_PROJECT_VERSION = 1;
				DEBUG_INFORMATION_FORMAT = dwarf;
				DEVELOPMENT_TEAM = "";
				ENABLE_STRICT_OBJC_MSGSEND = YES;
				ENABLE_TESTABILITY = YES;
				GCC_C_LANGUAGE_STANDARD = gnu11;
				GCC_DYNAMIC_NO_PIC = NO;
				GCC_NO_COMMON_BLOCKS = YES;
				GCC_OPTIMIZATION_LEVEL = 0;
				GCC_PREPROCESSOR_DEFINITIONS = (
					"DEBUG=1",
					"$(inherited)",
				);
				GCC_WARN_64_TO_32_BIT_CONVERSION = YES;
				GCC_WARN_ABOUT_RETURN_TYPE = YES_ERROR;
				GCC_WARN_UNDECLARED_SELECTOR = YES;
				GCC_WARN_UNINITIALIZED_AUTOS = YES_AGGRESSIVE;
				GCC_WARN_UNUSED_FUNCTION = YES;
				GCC_WARN_UNUSED_VARIABLE = YES;
				GENERATE_INFOPLIST_FILE = NO;
				INFOPLIST_FILE = Info.plist;
				INFOPLIST_KEY_UIApplicationSceneManifest_Generation = YES;
				INFOPLIST_KEY_UIApplicationSupportsIndirectInputEvents = YES;
				INFOPLIST_KEY_UILaunchScreen_Generation = YES;
				INFOPLIST_KEY_UISupportedInterfaceOrientations = "UIInterfaceOrientationPortrait UIInterfaceOrientationLandscapeLeft UIInterfaceOrientationLandscapeRight";
				INFOPLIST_KEY_UISupportedInterfaceOrientations_iPad = "UIInterfaceOrientationPortrait UIInterfaceOrientationPortraitUpsideDown UIInterfaceOrientationLandscapeLeft UIInterfaceOrientationLandscapeRight";
				IPHONEOS_DEPLOYMENT_TARGET = 16.0;
				LD_RUNPATH_SEARCH_PATHS = (
					"$(inherited)",
					"@executable_path/Frameworks",
				);
				MARKETING_VERSION = 1.0;
				MTL_ENABLE_DEBUG_INFO = INCLUDE_SOURCE;
				MTL_FAST_MATH = YES;
				ONLY_ACTIVE_ARCH = YES;
				PRODUCT_BUNDLE_IDENTIFIER = com.example.outrace;
				PRODUCT_NAME = "$(TARGET_NAME)";
				SDKROOT = iphoneos;
				SWIFT_ACTIVE_COMPILATION_CONDITIONS = DEBUG;
				SWIFT_OPTIMIZATION_LEVEL = "-Onone";
				SWIFT_VERSION = 5.0;
				TARGETED_DEVICE_FAMILY = "1,2";
			};
			name = Debug;
		};
		ReleaseConfig /* Release */ = {
			isa = XCBuildConfiguration;
			buildSettings = {
				ALWAYS_SEARCH_USER_PATHS = NO;
				ASSETCATALOG_COMPILER_APPICON_NAME = AppIcon;
				ASSETCATALOG_COMPILER_GLOBAL_ACCENT_COLOR_NAME = AccentColor;
				CLANG_ANALYZER_NONNULL = YES;
				CLANG_ANALYZER_NUMBER_OBJECT_CONVERSION = YES_AGGRESSIVE;
				CLANG_CXX_LANGUAGE_STANDARD = "gnu++20";
				CLANG_ENABLE_MODULES = YES;
				CLANG_ENABLE_OBJC_ARC = YES;
				CLANG_ENABLE_OBJC_WEAK = YES;
				CLANG_WARN_BLOCK_CAPTURE_AUTORELEASING = YES;
				CLANG_WARN_BOOL_CONVERSION = YES;
				CLANG_WARN_COMMA = YES;
				CLANG_WARN_CONSTANT_CONVERSION = YES;
				CLANG_WARN_DEPRECATED_OBJC_IMPLEMENTATIONS = YES;
				CLANG_WARN_DIRECT_OBJC_ISA_USAGE = YES_ERROR;
				CLANG_WARN_DOCUMENTATION_COMMENTS = YES;
				CLANG_WARN_EMPTY_BODY = YES;
				CLANG_WARN_ENUM_CONVERSION = YES;
				CLANG_WARN_INFINITE_RECURSION = YES;
				CLANG_WARN_INT_CONVERSION = YES;
				CLANG_WARN_NON_LITERAL_NULL_CONVERSION = YES;
				CLANG_WARN_OBJC_IMPLICIT_RETAIN_SELF = YES;
				CLANG_WARN_OBJC_LITERAL_CONVERSION = YES;
				CLANG_WARN_OBJC_ROOT_CLASS = YES_ERROR;
				CLANG_WARN_QUOTED_INCLUDE_IN_FRAMEWORK_HEADER = YES;
				CLANG_WARN_RANGE_LOOP_ANALYSIS = YES;
				CLANG_WARN_STRICT_PROTOTYPES = YES;
				CLANG_WARN_SUSPICIOUS_MOVE = YES;
				CLANG_WARN_UNGUARDED_AVAILABILITY = YES_AGGRESSIVE;
				CLANG_WARN_UNREACHABLE_CODE = YES;
				CLANG_WARN__DUPLICATE_METHOD_MATCH = YES;
				CODE_SIGN_IDENTITY = "iPhone Developer";
				CODE_SIGN_STYLE = Automatic;
				COPY_PHASE_STRIP = NO;
				CURRENT_PROJECT_VERSION = 1;
				DEBUG_INFORMATION_FORMAT = "dwarf-with-dsym";
				DEVELOPMENT_TEAM = "";
				ENABLE_NS_ASSERTIONS = NO;
				ENABLE_STRICT_OBJC_MSGSEND = YES;
				GCC_C_LANGUAGE_STANDARD = gnu11;
				GCC_NO_COMMON_BLOCKS = YES;
				GCC_WARN_64_TO_32_BIT_CONVERSION = YES;
				GCC_WARN_ABOUT_RETURN_TYPE = YES_ERROR;
				GCC_WARN_UNDECLARED_SELECTOR = YES;
				GCC_WARN_UNINITIALIZED_AUTOS = YES_AGGRESSIVE;
				GCC_WARN_UNUSED_FUNCTION = YES;
				GCC_WARN_UNUSED_VARIABLE = YES;
				GENERATE_INFOPLIST_FILE = NO;
				INFOPLIST_FILE = Info.plist;
				INFOPLIST_KEY_UIApplicationSceneManifest_Generation = YES;
				INFOPLIST_KEY_UIApplicationSupportsIndirectInputEvents = YES;
				INFOPLIST_KEY_UILaunchScreen_Generation = YES;
				INFOPLIST_KEY_UISupportedInterfaceOrientations = "UIInterfaceOrientationPortrait UIInterfaceOrientationLandscapeLeft UIInterfaceOrientationLandscapeRight";
				INFOPLIST_KEY_UISupportedInterfaceOrientations_iPad = "UIInterfaceOrientationPortrait UIInterfaceOrientationPortraitUpsideDown UIInterfaceOrientationLandscapeLeft UIInterfaceOrientationLandscapeRight";
				IPHONEOS_DEPLOYMENT_TARGET = 16.0;
				LD_RUNPATH_SEARCH_PATHS = (
					"$(inherited)",
					"@executable_path/Frameworks",
				);
				MARKETING_VERSION = 1.0;
				MTL_ENABLE_DEBUG_INFO = NO;
				MTL_FAST_MATH = YES;
				PRODUCT_BUNDLE_IDENTIFIER = com.example.outrace;
				PRODUCT_NAME = "$(TARGET_NAME)";
				SDKROOT = iphoneos;
				SWIFT_COMPILATION_MODE = wholemodule;
				SWIFT_OPTIMIZATION_LEVEL = "-O";
				SWIFT_VERSION = 5.0;
				TARGETED_DEVICE_FAMILY = "1,2";
				VALIDATE_PRODUCT = YES;
			};
			name = Release;
		};
/* End XCBuildConfiguration section */

/* Begin XCConfigurationList section */
		ProjectBuildConfigList /* Build configuration list for PBXProject "Outrace" */ = {
			isa = XCConfigurationList;
			buildConfigurations = (
				DebugConfig,
				ReleaseConfig,
			);
			defaultConfigurationIsVisible = 0;
			defaultConfigurationName = Release;
		};
		BuildConfigList /* Build configuration list for PBXNativeTarget "Outrace" */ = {
			isa = XCConfigurationList;
			buildConfigurations = (
				DebugConfig,
				ReleaseConfig,
			);
			defaultConfigurationIsVisible = 0;
			defaultConfigurationName = Release;
		};
/* End XCConfigurationList section */
	};
	rootObject = ProjectObject /* Project object */;
}
